
Microsoft Visual Studio Solution File, Format Version 12.00
# Visual Studio Version 17
VisualStudioVersion = 17.0.32014.148
MinimumVisualStudioVersion = 10.0.40219.1
Project("{FAE04EC0-301F-11D3-BF4B-00C04F79EFBC}") = "Studio1ClassQuiz", "Studio1ClassQuiz.csproj", "{3F31BF1D-C864-40BE-B2F9-4A5D2168DEDB}"
EndProject
Global
	GlobalSection(SolutionConfigurationPlatforms) = preSolution
		Debug|Any CPU = Debug|Any CPU
		Release|Any CPU = Release|Any CPU
	EndGlobalSection
	GlobalSection(ProjectConfigurationPlatforms) = postSolution
		{3F31BF1D-C864-40BE-B2F9-4A5D2168DEDB}.Debug|Any CPU.ActiveCfg = Debug|Any CPU
		{3F31BF1D-C864-40BE-B2F9-4A5D2168DEDB}.Debug|Any CPU.Build.0 = Debug|Any CPU
		{3F31BF1D-C864-40BE-B2F9-4A5D2168DEDB}.Release|Any CPU.ActiveCfg = Release|Any CPU
		{3F31BF1D-C864-40BE-B2F9-4A5D2168DEDB}.Release|Any CPU.Build.0 = Release|Any CPU
	EndGlobalSection
	GlobalSection(SolutionProperties) = preSolution
		HideSolutionNode = FALSE
	EndGlobalSection
	GlobalSection(ExtensibilityGlobals) = postSolution
		SolutionGuid = {8E2D06CC-D394-4116-BDE4-AA6F0846D536}
	EndGlobalSection
EndGlobal
